
Microsoft Visual Studio Solution File, Format Version 12.00
# Visual Studio Version 17
VisualStudioVersion = 17.14.36511.14 d17.14
MinimumVisualStudioVersion = 10.0.40219.1
Project("{FAE04EC0-301F-11D3-BF4B-00C04F79EFBC}") = "WeaProc", "WeaProc\WeaProc.csproj", "{24D8CAE5-B26B-43E7-CDA6-194674371DD3}"
EndProject
Project("{FAE04EC0-301F-11D3-BF4B-00C04F79EFBC}") = "WeaEFDC", "WeaEFDC\WeaEFDC.csproj", "{EFE053EC-CD18-698B-4802-317284B3596F}"
EndProject
Project("{FAE04EC0-301F-11D3-BF4B-00C04F79EFBC}") = "WeaGen", "WeaGen\WeaGen.csproj", "{5FF11EEB-A05F-98A7-044A-174FDCD82D92}"
EndProject
Project("{FAE04EC0-301F-11D3-BF4B-00C04F79EFBC}") = "WeaSWAT", "WeaSWAT\WeaSWAT.csproj", "{7101E31C-97C6-3973-6AF4-3FC5E353DA9A}"
EndProject
Project("{FAE04EC0-301F-11D3-BF4B-00C04F79EFBC}") = "WeaWASP", "WeaWASP\WeaWASP.csproj", "{0B074372-2732-94B1-6A75-D7FCB1ED1444}"
EndProject
Project("{FAE04EC0-301F-11D3-BF4B-00C04F79EFBC}") = "WeaScenario", "WeaScenario\WeaScenario.csproj", "{2FDB3AE8-9B3F-4F3F-A6FE-3F051D5AA0EA}"
EndProject
Project("{FAE04EC0-301F-11D3-BF4B-00C04F79EFBC}") = "WeaModelSDB", "WeaModelSDB\WeaModelSDB.csproj", "{1D6BAD46-ED5A-D9BA-F880-12C9D6A0AC7F}"
EndProject
Project("{FAE04EC0-301F-11D3-BF4B-00C04F79EFBC}") = "WeaUtil", "WeaUtil\WeaUtil.csproj", "{0B73C148-8B04-6790-05D7-D765FF1A5B16}"
EndProject
Project("{FAE04EC0-301F-11D3-BF4B-00C04F79EFBC}") = "WeaWDM", "WeaWDM\WeaWDM.csproj", "{A20C3DAC-0094-D9DE-B53C-A48F11441576}"
EndProject
Project("{F184B08F-C81C-45F6-A57F-5ABD9991F28F}") = "WdmUpload", "WdmUpload\WdmUpload.vbproj", "{A87C9D0F-A3B6-C1DD-10F2-9CEE42C13634}"
EndProject
Project("{F184B08F-C81C-45F6-A57F-5ABD9991F28F}") = "SWATWriteWea", "SWATWriteWea\SWATWriteWea.vbproj", "{58E76CF4-EE5C-F617-D3B5-961ED0D9BAC9}"
EndProject
Project("{F184B08F-C81C-45F6-A57F-5ABD9991F28F}") = "MapWinUtility-DS", "MapWinUtility\MapWinUtility-DS.vbproj", "{1F82717D-5469-7C8E-44BC-F6D3AD980227}"
EndProject
Project("{F184B08F-C81C-45F6-A57F-5ABD9991F28F}") = "EFDCWriteWea", "EFDCWriteWea\EFDCWriteWea.vbproj", "{96498EF8-7DC4-46B5-F549-DFACB5E67859}"
EndProject
Project("{FAE04EC0-301F-11D3-BF4B-00C04F79EFBC}") = "WeaModel", "WeaModel\WeaModel.csproj", "{45BB198E-C137-E25C-0390-9114C1BC1845}"
EndProject
Project("{F184B08F-C81C-45F6-A57F-5ABD9991F28F}") = "LSPCWriteAir", "LSPCWriteAir\LSPCWriteAir.vbproj", "{35F1DF73-195E-59B8-2C40-3DE09DF61A07}"
EndProject
Project("{FAE04EC0-301F-11D3-BF4B-00C04F79EFBC}") = "WeaLSPCAir", "WeaLSPCAir\WeaLSPCAir.csproj", "{07875B9A-EB09-B4D5-29E9-71AA615C49D3}"
EndProject
Project("{FAE04EC0-301F-11D3-BF4B-00C04F79EFBC}") = "WeaSWMM", "WeaSWMM\WeaSWMM.csproj", "{F8228E59-D68C-2F6A-5DF7-820CA5D7DB62}"
EndProject
Project("{F184B08F-C81C-45F6-A57F-5ABD9991F28F}") = "WeaComp", "WeaComp\WeaComp.vbproj", "{268A1493-986D-8B71-FFE2-6F03A4B4AAF2}"
EndProject
Project("{FAE04EC0-301F-11D3-BF4B-00C04F79EFBC}") = "WeaSDB", "WeaDB\WeaSDB.csproj", "{C8F1044B-A429-D7FD-B40B-6D48F9A05B75}"
EndProject
Project("{FAE04EC0-301F-11D3-BF4B-00C04F79EFBC}") = "DataDownload", "DataDownload\DataDownload.csproj", "{83FB7C63-7F1A-49F0-A143-8149C9B5A369}"
EndProject
Global
	GlobalSection(SolutionConfigurationPlatforms) = preSolution
		Debug|Any CPU = Debug|Any CPU
		Release|Any CPU = Release|Any CPU
	EndGlobalSection
	GlobalSection(ProjectConfigurationPlatforms) = postSolution
		{24D8CAE5-B26B-43E7-CDA6-194674371DD3}.Debug|Any CPU.ActiveCfg = Debug|Any CPU
		{24D8CAE5-B26B-43E7-CDA6-194674371DD3}.Debug|Any CPU.Build.0 = Debug|Any CPU
		{24D8CAE5-B26B-43E7-CDA6-194674371DD3}.Release|Any CPU.ActiveCfg = Release|Any CPU
		{24D8CAE5-B26B-43E7-CDA6-194674371DD3}.Release|Any CPU.Build.0 = Release|Any CPU
		{EFE053EC-CD18-698B-4802-317284B3596F}.Debug|Any CPU.ActiveCfg = Debug|Any CPU
		{EFE053EC-CD18-698B-4802-317284B3596F}.Debug|Any CPU.Build.0 = Debug|Any CPU
		{EFE053EC-CD18-698B-4802-317284B3596F}.Release|Any CPU.ActiveCfg = Release|Any CPU
		{EFE053EC-CD18-698B-4802-317284B3596F}.Release|Any CPU.Build.0 = Release|Any CPU
		{5FF11EEB-A05F-98A7-044A-174FDCD82D92}.Debug|Any CPU.ActiveCfg = Debug|Any CPU
		{5FF11EEB-A05F-98A7-044A-174FDCD82D92}.Debug|Any CPU.Build.0 = Debug|Any CPU
		{5FF11EEB-A05F-98A7-044A-174FDCD82D92}.Release|Any CPU.ActiveCfg = Release|Any CPU
		{5FF11EEB-A05F-98A7-044A-174FDCD82D92}.Release|Any CPU.Build.0 = Release|Any CPU
		{7101E31C-97C6-3973-6AF4-3FC5E353DA9A}.Debug|Any CPU.ActiveCfg = Debug|Any CPU
		{7101E31C-97C6-3973-6AF4-3FC5E353DA9A}.Debug|Any CPU.Build.0 = Debug|Any CPU
		{7101E31C-97C6-3973-6AF4-3FC5E353DA9A}.Release|Any CPU.ActiveCfg = Release|Any CPU
		{7101E31C-97C6-3973-6AF4-3FC5E353DA9A}.Release|Any CPU.Build.0 = Release|Any CPU
		{0B074372-2732-94B1-6A75-D7FCB1ED1444}.Debug|Any CPU.ActiveCfg = Debug|Any CPU
		{0B074372-2732-94B1-6A75-D7FCB1ED1444}.Debug|Any CPU.Build.0 = Debug|Any CPU
		{0B074372-2732-94B1-6A75-D7FCB1ED1444}.Release|Any CPU.ActiveCfg = Release|Any CPU
		{0B074372-2732-94B1-6A75-D7FCB1ED1444}.Release|Any CPU.Build.0 = Release|Any CPU
		{2FDB3AE8-9B3F-4F3F-A6FE-3F051D5AA0EA}.Debug|Any CPU.ActiveCfg = Debug|Any CPU
		{2FDB3AE8-9B3F-4F3F-A6FE-3F051D5AA0EA}.Debug|Any CPU.Build.0 = Debug|Any CPU
		{2FDB3AE8-9B3F-4F3F-A6FE-3F051D5AA0EA}.Release|Any CPU.ActiveCfg = Release|Any CPU
		{2FDB3AE8-9B3F-4F3F-A6FE-3F051D5AA0EA}.Release|Any CPU.Build.0 = Release|Any CPU
		{1D6BAD46-ED5A-D9BA-F880-12C9D6A0AC7F}.Debug|Any CPU.ActiveCfg = Debug|Any CPU
		{1D6BAD46-ED5A-D9BA-F880-12C9D6A0AC7F}.Debug|Any CPU.Build.0 = Debug|Any CPU
		{1D6BAD46-ED5A-D9BA-F880-12C9D6A0AC7F}.Release|Any CPU.ActiveCfg = Release|Any CPU
		{1D6BAD46-ED5A-D9BA-F880-12C9D6A0AC7F}.Release|Any CPU.Build.0 = Release|Any CPU
		{0B73C148-8B04-6790-05D7-D765FF1A5B16}.Debug|Any CPU.ActiveCfg = Debug|Any CPU
		{0B73C148-8B04-6790-05D7-D765FF1A5B16}.Debug|Any CPU.Build.0 = Debug|Any CPU
		{0B73C148-8B04-6790-05D7-D765FF1A5B16}.Release|Any CPU.ActiveCfg = Release|Any CPU
		{0B73C148-8B04-6790-05D7-D765FF1A5B16}.Release|Any CPU.Build.0 = Release|Any CPU
		{A20C3DAC-0094-D9DE-B53C-A48F11441576}.Debug|Any CPU.ActiveCfg = Debug|Any CPU
		{A20C3DAC-0094-D9DE-B53C-A48F11441576}.Debug|Any CPU.Build.0 = Debug|Any CPU
		{A20C3DAC-0094-D9DE-B53C-A48F11441576}.Release|Any CPU.ActiveCfg = Release|Any CPU
		{A20C3DAC-0094-D9DE-B53C-A48F11441576}.Release|Any CPU.Build.0 = Release|Any CPU
		{A87C9D0F-A3B6-C1DD-10F2-9CEE42C13634}.Debug|Any CPU.ActiveCfg = Debug|Any CPU
		{A87C9D0F-A3B6-C1DD-10F2-9CEE42C13634}.Debug|Any CPU.Build.0 = Debug|Any CPU
		{A87C9D0F-A3B6-C1DD-10F2-9CEE42C13634}.Release|Any CPU.ActiveCfg = Release|Any CPU
		{A87C9D0F-A3B6-C1DD-10F2-9CEE42C13634}.Release|Any CPU.Build.0 = Release|Any CPU
		{58E76CF4-EE5C-F617-D3B5-961ED0D9BAC9}.Debug|Any CPU.ActiveCfg = Debug|Any CPU
		{58E76CF4-EE5C-F617-D3B5-961ED0D9BAC9}.Debug|Any CPU.Build.0 = Debug|Any CPU
		{58E76CF4-EE5C-F617-D3B5-961ED0D9BAC9}.Release|Any CPU.ActiveCfg = Release|Any CPU
		{58E76CF4-EE5C-F617-D3B5-961ED0D9BAC9}.Release|Any CPU.Build.0 = Release|Any CPU
		{1F82717D-5469-7C8E-44BC-F6D3AD980227}.Debug|Any CPU.ActiveCfg = Debug|Any CPU
		{1F82717D-5469-7C8E-44BC-F6D3AD980227}.Debug|Any CPU.Build.0 = Debug|Any CPU
		{1F82717D-5469-7C8E-44BC-F6D3AD980227}.Release|Any CPU.ActiveCfg = Release|Any CPU
		{1F82717D-5469-7C8E-44BC-F6D3AD980227}.Release|Any CPU.Build.0 = Release|Any CPU
		{96498EF8-7DC4-46B5-F549-DFACB5E67859}.Debug|Any CPU.ActiveCfg = Debug|Any CPU
		{96498EF8-7DC4-46B5-F549-DFACB5E67859}.Debug|Any CPU.Build.0 = Debug|Any CPU
		{96498EF8-7DC4-46B5-F549-DFACB5E67859}.Release|Any CPU.ActiveCfg = Release|Any CPU
		{96498EF8-7DC4-46B5-F549-DFACB5E67859}.Release|Any CPU.Build.0 = Release|Any CPU
		{45BB198E-C137-E25C-0390-9114C1BC1845}.Debug|Any CPU.ActiveCfg = Debug|Any CPU
		{45BB198E-C137-E25C-0390-9114C1BC1845}.Debug|Any CPU.Build.0 = Debug|Any CPU
		{45BB198E-C137-E25C-0390-9114C1BC1845}.Release|Any CPU.ActiveCfg = Release|Any CPU
		{45BB198E-C137-E25C-0390-9114C1BC1845}.Release|Any CPU.Build.0 = Release|Any CPU
		{35F1DF73-195E-59B8-2C40-3DE09DF61A07}.Debug|Any CPU.ActiveCfg = Debug|Any CPU
		{35F1DF73-195E-59B8-2C40-3DE09DF61A07}.Debug|Any CPU.Build.0 = Debug|Any CPU
		{35F1DF73-195E-59B8-2C40-3DE09DF61A07}.Release|Any CPU.ActiveCfg = Release|Any CPU
		{35F1DF73-195E-59B8-2C40-3DE09DF61A07}.Release|Any CPU.Build.0 = Release|Any CPU
		{07875B9A-EB09-B4D5-29E9-71AA615C49D3}.Debug|Any CPU.ActiveCfg = Debug|Any CPU
		{07875B9A-EB09-B4D5-29E9-71AA615C49D3}.Debug|Any CPU.Build.0 = Debug|Any CPU
		{07875B9A-EB09-B4D5-29E9-71AA615C49D3}.Release|Any CPU.ActiveCfg = Release|Any CPU
		{07875B9A-EB09-B4D5-29E9-71AA615C49D3}.Release|Any CPU.Build.0 = Release|Any CPU
		{F8228E59-D68C-2F6A-5DF7-820CA5D7DB62}.Debug|Any CPU.ActiveCfg = Debug|Any CPU
		{F8228E59-D68C-2F6A-5DF7-820CA5D7DB62}.Debug|Any CPU.Build.0 = Debug|Any CPU
		{F8228E59-D68C-2F6A-5DF7-820CA5D7DB62}.Release|Any CPU.ActiveCfg = Release|Any CPU
		{F8228E59-D68C-2F6A-5DF7-820CA5D7DB62}.Release|Any CPU.Build.0 = Release|Any CPU
		{268A1493-986D-8B71-FFE2-6F03A4B4AAF2}.Debug|Any CPU.ActiveCfg = Debug|Any CPU
		{268A1493-986D-8B71-FFE2-6F03A4B4AAF2}.Debug|Any CPU.Build.0 = Debug|Any CPU
		{268A1493-986D-8B71-FFE2-6F03A4B4AAF2}.Release|Any CPU.ActiveCfg = Release|Any CPU
		{268A1493-986D-8B71-FFE2-6F03A4B4AAF2}.Release|Any CPU.Build.0 = Release|Any CPU
		{C8F1044B-A429-D7FD-B40B-6D48F9A05B75}.Debug|Any CPU.ActiveCfg = Debug|Any CPU
		{C8F1044B-A429-D7FD-B40B-6D48F9A05B75}.Debug|Any CPU.Build.0 = Debug|Any CPU
		{C8F1044B-A429-D7FD-B40B-6D48F9A05B75}.Release|Any CPU.ActiveCfg = Release|Any CPU
		{C8F1044B-A429-D7FD-B40B-6D48F9A05B75}.Release|Any CPU.Build.0 = Release|Any CPU
		{83FB7C63-7F1A-49F0-A143-8149C9B5A369}.Debug|Any CPU.ActiveCfg = Debug|Any CPU
		{83FB7C63-7F1A-49F0-A143-8149C9B5A369}.Debug|Any CPU.Build.0 = Debug|Any CPU
		{83FB7C63-7F1A-49F0-A143-8149C9B5A369}.Release|Any CPU.ActiveCfg = Release|Any CPU
		{83FB7C63-7F1A-49F0-A143-8149C9B5A369}.Release|Any CPU.Build.0 = Release|Any CPU
	EndGlobalSection
	GlobalSection(SolutionProperties) = preSolution
		HideSolutionNode = FALSE
	EndGlobalSection
	GlobalSection(ExtensibilityGlobals) = postSolution
		SolutionGuid = {819DA00C-B885-438E-BB9F-6944913126B6}
	EndGlobalSection
EndGlobal
